{
    "_meta": {
        "hash": {
            "sha256": "97883e9ac9ba38fa8d209a4044b24fd1d9b3008448e9235fc9e9b19c79434759"
        },
        "pipfile-spec": 6,
        "requires": {
            "python_version": "3.6"
        },
        "sources": [
            {
                "name": "pypi",
                "url": "https://pypi.org/simple",
                "verify_ssl": true
            }
        ]
    },
    "default": {
        "xlsxwriter": {
            "hashes": [
                "sha256:027fa3d22ccfb5da5d77c29ed740aece286a9a6cc101b564f2f7ca11eb1d490b",
                "sha256:5d480cee5babf3865227d5c81269d96be8e87914fc96403ca6fa1b1e4f64c080"
            ],
            "index": "pypi",
            "version": "==1.2.6"
        }
    },
    "develop": {}
}
